
Microsoft Visual Studio Solution File, Format Version 10.00
# Visual Studio 2008
Project("{8BC9CEB8-8B4A-11D0-8D11-00A0C91BC942}") = "01_framebuffer_basics", "01_framebuffer_basics\01_framebuffer_basics.vcproj", "{FDCFDCC8-C61C-4C19-8C06-2E27B28B6EC7}"
EndProject
Project("{8BC9CEB8-8B4A-11D0-8D11-00A0C91BC942}") = "02_blur", "02_blur\02_blur.vcproj", "{7F9ABF39-6DC4-47FD-9078-07009A850CA2}"
EndProject
Global
	GlobalSection(SolutionConfigurationPlatforms) = preSolution
		Debug|Win32 = Debug|Win32
		Release|Win32 = Release|Win32
	EndGlobalSection
	GlobalSection(ProjectConfigurationPlatforms) = postSolution
		{FDCFDCC8-C61C-4C19-8C06-2E27B28B6EC7}.Debug|Win32.ActiveCfg = Debug|Win32
		{FDCFDCC8-C61C-4C19-8C06-2E27B28B6EC7}.Debug|Win32.Build.0 = Debug|Win32
		{FDCFDCC8-C61C-4C19-8C06-2E27B28B6EC7}.Release|Win32.ActiveCfg = Release|Win32
		{FDCFDCC8-C61C-4C19-8C06-2E27B28B6EC7}.Release|Win32.Build.0 = Release|Win32
		{7F9ABF39-6DC4-47FD-9078-07009A850CA2}.Debug|Win32.ActiveCfg = Debug|Win32
		{7F9ABF39-6DC4-47FD-9078-07009A850CA2}.Debug|Win32.Build.0 = Debug|Win32
		{7F9ABF39-6DC4-47FD-9078-07009A850CA2}.Release|Win32.ActiveCfg = Release|Win32
		{7F9ABF39-6DC4-47FD-9078-07009A850CA2}.Release|Win32.Build.0 = Release|Win32
	EndGlobalSection
	GlobalSection(SolutionProperties) = preSolution
		HideSolutionNode = FALSE
	EndGlobalSection
EndGlobal
